{
  "nodes": {
    "devenv": {
      "locked": {
        "dir": "src/modules",
        "lastModified": 1788819331,
        "narHash": "sha256-PXClmncMTmWutJvFGrA6rKyvxWtUwaMUT615XrDHdB8=",
        "owner": "cachix",
        "repo": "devenv",
        "rev": "190959a9a4bb52d4802f076a90c3c4e3aa2e6fa2",
        "type": "github"
      },
      "original": {
        "dir": "src/modules",
        "owner": "cachix",
        "repo": "devenv",
        "type": "github"
      }
    },
    "mk-shell-bin": {
      "locked": {
        "lastModified": 1677004959,
        "narHash": "sha256-/uEkr1UkJrh11vD02aqufCxtbF5YnhRTIKlx5kyvf+I=",
        "owner": "rrbutani",
        "repo": "nix-mk-shell-bin",
        "rev": "ff5d8bd4d68a347be5042e2f16caee391cd75887",
        "type": "github"
      },
      "original": {
        "owner": "rrbutani",
        "repo": "nix-mk-shell-bin",
        "type": "github"
      }
    },
    "nix2container": {
      "inputs": {
        "nixpkgs": [
          "nixpkgs"
        ]
      },
      "locked": {
        "lastModified": 1788758950,
        "narHash": "sha256-b3zONUcYXZHeoeYwDZdSDCzMj0s6ubmD6NT3D7sS+jU=",
        "owner": "nlewo",
        "repo": "nix2container",
        "rev": "b6ac40ef110c12ab1651fce5ea563f7837236439",
        "type": "github"
      },
      "original": {
        "owner": "nlewo",
        "repo": "nix2container",
        "type": "github"
      }
    },
    "nixpkgs": {
      "locked": {
        "lastModified": 1788834054,
        "narHash": "sha256-9dzTcXMtlknZyT47Vv1PnpGgN7UYA8WxxqyxsKdvYbo=",
        "owner": "NixOS",
        "repo": "nixpkgs",
        "rev": "e9b9cbecbf6c25ca26c150d78570e6332694a129",
        "type": "github"
      },
      "original": {
        "owner": "NixOS",
        "ref": "nixpkgs-unstable",
        "repo": "nixpkgs",
        "type": "github"
      }
    },
    "root": {
      "inputs": {
        "devenv": "devenv",
        "mk-shell-bin": "mk-shell-bin",
        "nix2container": "nix2container",
        "nixpkgs": "nixpkgs"
      }
    }
  },
  "root": "root",
  "version": 7
}